
Microsoft Visual Studio Solution File, Format Version 12.00
# Visual Studio Version 16
VisualStudioVersion = 16.0.31613.86
MinimumVisualStudioVersion = 10.0.40219.1
Project("{9A19103F-16F7-4668-BE54-9A1E7A4F7556}") = "Project1.WebStoreApplication", "Project1.WebStoreApplication\Project1.WebStoreApplication.csproj", "{70E6315A-3655-42F0-B190-569A86557DCF}"
EndProject
Project("{FAE04EC0-301F-11D3-BF4B-00C04F79EFBC}") = "Project1.WebStoreDBContext", "..\Project1.WebStoreDBContext\Project1.WebStoreDBContext.csproj", "{DB296408-940F-4700-8BA5-D2AC528B2065}"
EndProject
Global
	GlobalSection(SolutionConfigurationPlatforms) = preSolution
		Debug|Any CPU = Debug|Any CPU
		Release|Any CPU = Release|Any CPU
	EndGlobalSection
	GlobalSection(ProjectConfigurationPlatforms) = postSolution
		{70E6315A-3655-42F0-B190-569A86557DCF}.Debug|Any CPU.ActiveCfg = Debug|Any CPU
		{70E6315A-3655-42F0-B190-569A86557DCF}.Debug|Any CPU.Build.0 = Debug|Any CPU
		{70E6315A-3655-42F0-B190-569A86557DCF}.Release|Any CPU.ActiveCfg = Release|Any CPU
		{70E6315A-3655-42F0-B190-569A86557DCF}.Release|Any CPU.Build.0 = Release|Any CPU
		{DB296408-940F-4700-8BA5-D2AC528B2065}.Debug|Any CPU.ActiveCfg = Debug|Any CPU
		{DB296408-940F-4700-8BA5-D2AC528B2065}.Debug|Any CPU.Build.0 = Debug|Any CPU
		{DB296408-940F-4700-8BA5-D2AC528B2065}.Release|Any CPU.ActiveCfg = Release|Any CPU
		{DB296408-940F-4700-8BA5-D2AC528B2065}.Release|Any CPU.Build.0 = Release|Any CPU
	EndGlobalSection
	GlobalSection(SolutionProperties) = preSolution
		HideSolutionNode = FALSE
	EndGlobalSection
	GlobalSection(ExtensibilityGlobals) = postSolution
		SolutionGuid = {58157FB9-28C3-458D-A7F2-2604154CD90C}
	EndGlobalSection
EndGlobal
