
Microsoft Visual Studio Solution File, Format Version 12.00
# Visual Studio Version 16
VisualStudioVersion = 16.0.31613.86
MinimumVisualStudioVersion = 10.0.40219.1
Project("{9A19103F-16F7-4668-BE54-9A1E7A4F7556}") = "DemoStoreAppDB", "DemoStoreAppDB.csproj", "{6BB1B85C-2EEE-44C5-9CD6-ADF7C04699C4}"
EndProject
Project("{FAE04EC0-301F-11D3-BF4B-00C04F79EFBC}") = "StoreAppDBContext", "..\StoreAppDBContext\StoreAppDBContext.csproj", "{8233BB81-1AA1-47DA-8B64-8CCE091E8CB7}"
EndProject
Global
	GlobalSection(SolutionConfigurationPlatforms) = preSolution
		Debug|Any CPU = Debug|Any CPU
		Release|Any CPU = Release|Any CPU
	EndGlobalSection
	GlobalSection(ProjectConfigurationPlatforms) = postSolution
		{6BB1B85C-2EEE-44C5-9CD6-ADF7C04699C4}.Debug|Any CPU.ActiveCfg = Debug|Any CPU
		{6BB1B85C-2EEE-44C5-9CD6-ADF7C04699C4}.Debug|Any CPU.Build.0 = Debug|Any CPU
		{6BB1B85C-2EEE-44C5-9CD6-ADF7C04699C4}.Release|Any CPU.ActiveCfg = Release|Any CPU
		{6BB1B85C-2EEE-44C5-9CD6-ADF7C04699C4}.Release|Any CPU.Build.0 = Release|Any CPU
		{8233BB81-1AA1-47DA-8B64-8CCE091E8CB7}.Debug|Any CPU.ActiveCfg = Debug|Any CPU
		{8233BB81-1AA1-47DA-8B64-8CCE091E8CB7}.Debug|Any CPU.Build.0 = Debug|Any CPU
		{8233BB81-1AA1-47DA-8B64-8CCE091E8CB7}.Release|Any CPU.ActiveCfg = Release|Any CPU
		{8233BB81-1AA1-47DA-8B64-8CCE091E8CB7}.Release|Any CPU.Build.0 = Release|Any CPU
	EndGlobalSection
	GlobalSection(SolutionProperties) = preSolution
		HideSolutionNode = FALSE
	EndGlobalSection
	GlobalSection(ExtensibilityGlobals) = postSolution
		SolutionGuid = {3CEDBCF2-0854-4536-BCF9-93D713C054A8}
	EndGlobalSection
EndGlobal
